<Solution>
  <Project Path="CrateDiggin.Api/CrateDiggin.Api.csproj" />
  <Project Path="CrateDiggin.AppHost/CrateDiggin.AppHost.csproj" />
  <Project Path="CrateDiggin.ServiceDefaults/CrateDiggin.ServiceDefaults.csproj" />
  <Project Path="CrateDiggin.Web/CrateDiggin.Web.Client/CrateDiggin.Web.Client.csproj" />
  <Project Path="CrateDiggin.Web/CrateDiggin.Web/CrateDiggin.Web.csproj" />
  <Project Path="CrateDiggin.Worker/CrateDiggin.Worker.csproj" />
</Solution>
